
Microsoft Visual Studio Solution File, Format Version 11.00
# Visual Studio 2010
Project("{FAE04EC0-301F-11D3-BF4B-00C04F79EFBC}") = "Easy2MySQL", "Easy2MySQL\Easy2MySQL.csproj", "{0DC72499-6BFC-40C0-BE77-B9A9E79724E8}"
EndProject
Global
	GlobalSection(SolutionConfigurationPlatforms) = preSolution
		Debug|Any CPU = Debug|Any CPU
		Release|Any CPU = Release|Any CPU
	EndGlobalSection
	GlobalSection(ProjectConfigurationPlatforms) = postSolution
		{0DC72499-6BFC-40C0-BE77-B9A9E79724E8}.Debug|Any CPU.ActiveCfg = Debug|Any CPU
		{0DC72499-6BFC-40C0-BE77-B9A9E79724E8}.Debug|Any CPU.Build.0 = Debug|Any CPU
		{0DC72499-6BFC-40C0-BE77-B9A9E79724E8}.Release|Any CPU.ActiveCfg = Release|Any CPU
		{0DC72499-6BFC-40C0-BE77-B9A9E79724E8}.Release|Any CPU.Build.0 = Release|Any CPU
	EndGlobalSection
	GlobalSection(SolutionProperties) = preSolution
		HideSolutionNode = FALSE
	EndGlobalSection
EndGlobal
